
Microsoft Visual Studio Solution File, Format Version 12.00
# Visual Studio Version 16
VisualStudioVersion = 16.0.30413.136
MinimumVisualStudioVersion = 10.0.40219.1
Project("{FAE04EC0-301F-11D3-BF4B-00C04F79EFBC}") = "Chinook", "Chinook\Chinook.csproj", "{6D3311A8-F265-4C36-AB28-96C86FD2B91E}"
EndProject
Global
	GlobalSection(SolutionConfigurationPlatforms) = preSolution
		Debug|Any CPU = Debug|Any CPU
		Release|Any CPU = Release|Any CPU
	EndGlobalSection
	GlobalSection(ProjectConfigurationPlatforms) = postSolution
		{6D3311A8-F265-4C36-AB28-96C86FD2B91E}.Debug|Any CPU.ActiveCfg = Debug|Any CPU
		{6D3311A8-F265-4C36-AB28-96C86FD2B91E}.Debug|Any CPU.Build.0 = Debug|Any CPU
		{6D3311A8-F265-4C36-AB28-96C86FD2B91E}.Release|Any CPU.ActiveCfg = Release|Any CPU
		{6D3311A8-F265-4C36-AB28-96C86FD2B91E}.Release|Any CPU.Build.0 = Release|Any CPU
	EndGlobalSection
	GlobalSection(SolutionProperties) = preSolution
		HideSolutionNode = FALSE
	EndGlobalSection
	GlobalSection(ExtensibilityGlobals) = postSolution
		SolutionGuid = {0C5596C7-8B61-406A-96F9-0D5A811A2156}
	EndGlobalSection
EndGlobal
